
Microsoft Visual Studio Solution File, Format Version 12.00
# Visual Studio Version 17
VisualStudioVersion = 17.0.31903.59
MinimumVisualStudioVersion = 10.0.40219.1
Project("{FAE04EC0-301F-11D3-BF4B-00C04F79EFBC}") = "VastDark", "VastDark.csproj", "{F77D5168-7DEE-4D23-917D-7754119C6A6B}"
EndProject
Global
	GlobalSection(SolutionConfigurationPlatforms) = preSolution
		Debug|Any CPU = Debug|Any CPU
		Release|Any CPU = Release|Any CPU
	EndGlobalSection
	GlobalSection(SolutionProperties) = preSolution
		HideSolutionNode = FALSE
	EndGlobalSection
	GlobalSection(ProjectConfigurationPlatforms) = postSolution
		{F77D5168-7DEE-4D23-917D-7754119C6A6B}.Debug|Any CPU.ActiveCfg = Debug|Any CPU
		{F77D5168-7DEE-4D23-917D-7754119C6A6B}.Debug|Any CPU.Build.0 = Debug|Any CPU
		{F77D5168-7DEE-4D23-917D-7754119C6A6B}.Release|Any CPU.ActiveCfg = Debug|Any CPU
		{F77D5168-7DEE-4D23-917D-7754119C6A6B}.Release|Any CPU.Build.0 = Debug|Any CPU
	EndGlobalSection
EndGlobal
